<Solution Description="Visual Studio slnx file generated by Premake" Version="1.4">
  <Configurations>
    <BuildType Name="Debug" />
    <BuildType Name="Release" />
    <Platform Name="x64" />
  </Configurations>
  <Project Path="Editor\Editor.vcxproj" Id="8C1A20B0-78BC-4A86-6177-5EDA4DB8D1D6" DefaultStartup="true">
  </Project>
  <Project Path="HellEngine\HellEngine.vcxproj" Id="60790B1C-4C31-4D69-B538-26C5A10FE859">
  </Project>
  <Project Path="Sandbox\Sandbox.vcxproj" Id="F4C124E3-60A1-A37E-69B9-2E55D5170AE0">
  </Project>
</Solution>